
Microsoft Visual Studio Solution File, Format Version 12.00
# Visual Studio Version 17
VisualStudioVersion = 17.5.002.0
MinimumVisualStudioVersion = 10.0.40219.1
Project("{2150E333-8FDC-42A3-9474-1A3956D46DE8}") = "src", "src", "{BFB93F9A-406F-42CB-94D1-0CFEEF77FECA}"
EndProject
Project("{9A19103F-16F7-4668-BE54-9A1E7A4F7556}") = "service", "src\service\service.csproj", "{CC888ECA-D455-42F6-A847-4356A974F6C9}"
EndProject
Project("{2150E333-8FDC-42A3-9474-1A3956D46DE8}") = "test", "test", "{EE7DDBF4-7507-48BE-990D-B9A42DCF428A}"
EndProject
Project("{9A19103F-16F7-4668-BE54-9A1E7A4F7556}") = "service.Tests", "test\service.Tests\service.Tests.csproj", "{D110C468-6BFD-48CB-9616-A5EAACCD1CAE}"
EndProject
Global
	GlobalSection(SolutionConfigurationPlatforms) = preSolution
		Debug|Any CPU = Debug|Any CPU
		Release|Any CPU = Release|Any CPU
	EndGlobalSection
	GlobalSection(ProjectConfigurationPlatforms) = postSolution
		{CC888ECA-D455-42F6-A847-4356A974F6C9}.Debug|Any CPU.ActiveCfg = Debug|Any CPU
		{CC888ECA-D455-42F6-A847-4356A974F6C9}.Debug|Any CPU.Build.0 = Debug|Any CPU
		{CC888ECA-D455-42F6-A847-4356A974F6C9}.Release|Any CPU.ActiveCfg = Release|Any CPU
		{CC888ECA-D455-42F6-A847-4356A974F6C9}.Release|Any CPU.Build.0 = Release|Any CPU
		{D110C468-6BFD-48CB-9616-A5EAACCD1CAE}.Debug|Any CPU.ActiveCfg = Debug|Any CPU
		{D110C468-6BFD-48CB-9616-A5EAACCD1CAE}.Debug|Any CPU.Build.0 = Debug|Any CPU
		{D110C468-6BFD-48CB-9616-A5EAACCD1CAE}.Release|Any CPU.ActiveCfg = Release|Any CPU
		{D110C468-6BFD-48CB-9616-A5EAACCD1CAE}.Release|Any CPU.Build.0 = Release|Any CPU
	EndGlobalSection
	GlobalSection(SolutionProperties) = preSolution
		HideSolutionNode = FALSE
	EndGlobalSection
	GlobalSection(NestedProjects) = preSolution
		{CC888ECA-D455-42F6-A847-4356A974F6C9} = {BFB93F9A-406F-42CB-94D1-0CFEEF77FECA}
		{D110C468-6BFD-48CB-9616-A5EAACCD1CAE} = {EE7DDBF4-7507-48BE-990D-B9A42DCF428A}
	EndGlobalSection
	GlobalSection(ExtensibilityGlobals) = postSolution
		SolutionGuid = {96637D20-EF96-44FB-BF3C-FC723ADED6FE}
	EndGlobalSection
EndGlobal
